
Microsoft Visual Studio Solution File, Format Version 11.00
# Visual Studio 2010
Project("{FAE04EC0-301F-11D3-BF4B-00C04F79EFBC}") = "ZatackaLegacy", "ZatackaLegacy\ZatackaLegacy.csproj", "{A603EDE3-DFCB-41C8-9EEB-3F131EF4D652}"
EndProject
Project("{2150E333-8FDC-42A3-9474-1A3956D46DE8}") = "Solution Items", "Solution Items", "{582A4D90-B476-467D-8B24-CF1C1DB0DC22}"
EndProject
Global
	GlobalSection(SolutionConfigurationPlatforms) = preSolution
		Debug|x86 = Debug|x86
		Release|x86 = Release|x86
	EndGlobalSection
	GlobalSection(ProjectConfigurationPlatforms) = postSolution
		{A603EDE3-DFCB-41C8-9EEB-3F131EF4D652}.Debug|x86.ActiveCfg = Release|x86
		{A603EDE3-DFCB-41C8-9EEB-3F131EF4D652}.Debug|x86.Build.0 = Release|x86
		{A603EDE3-DFCB-41C8-9EEB-3F131EF4D652}.Release|x86.ActiveCfg = Release|x86
		{A603EDE3-DFCB-41C8-9EEB-3F131EF4D652}.Release|x86.Build.0 = Release|x86
	EndGlobalSection
	GlobalSection(SolutionProperties) = preSolution
		HideSolutionNode = FALSE
	EndGlobalSection
EndGlobal
